// !$*UTF8*$!
{
	archiveVersion = 1;
	classes = {
	};
	objectVersion = 77;
	objects = {

/* Begin PBXContainerItemProxy section */
		4056CD0E2F7BBAD4008BAF77 /* PBXContainerItemProxy */ = {
			isa = PBXContainerItemProxy;
			containerPortal = 4056CCEF2F7BBAD2008BAF77 /* Project object */;
			proxyType = 1;
			remoteGlobalIDString = 4056CCF62F7BBAD2008BAF77;
			remoteInfo = WeatherAppUIKit;
		};
		4056CD182F7BBAD4008BAF77 /* PBXContainerItemProxy */ = {
			isa = PBXContainerItemProxy;
			containerPortal = 4056CCEF2F7BBAD2008BAF77 /* Project object */;
			proxyType = 1;
			remoteGlobalIDString = 4056CCF62F7BBAD2008BAF77;
			remoteInfo = WeatherAppUIKit;
		};
/* End PBXContainerItemProxy section */

/* Begin PBXFileReference section */
		4056CCF72F7BBAD2008BAF77 /* WeatherAppUIKit.app */ = {isa = PBXFileReference; explicitFileType = wrapper.application; includeInIndex = 0; path = WeatherAppUIKit.app; sourceTree = BUILT_PRODUCTS_DIR; };
		4056CD0D2F7BBAD4008BAF77 /* WeatherAppUIKitTests.xctest */ = {isa = PBXFileReference; explicitFileType = wrapper.cfbundle; includeInIndex = 0; path = WeatherAppUIKitTests.xctest; sourceTree = BUILT_PRODUCTS_DIR; };
		4056CD172F7BBAD4008BAF77 /* WeatherAppUIKitUITests.xctest */ = {isa = PBXFileReference; explicitFileType = wrapper.cfbundle; includeInIndex = 0; path = WeatherAppUIKitUITests.xctest; sourceTree = BUILT_PRODUCTS_DIR; };
/* End PBXFileReference section */

/* Begin PBXFileSystemSynchronizedBuildFileExceptionSet section */
		4056CD1F2F7BBAD4008BAF77 /* Exceptions for "WeatherAppUIKit" folder in "WeatherAppUIKit" target */ = {
			isa = PBXFileSystemSynchronizedBuildFileExceptionSet;
			membershipExceptions = (
				Info.plist,
			);
			target = 4056CCF62F7BBAD2008BAF77 /* WeatherAppUIKit */;
		};
/* End PBXFileSystemSynchronizedBuildFileExceptionSet section */

/* Begin PBXFileSystemSynchronizedRootGroup section */
		4056CCF92F7BBAD2008BAF77 /* WeatherAppUIKit */ = {
			isa = PBXFileSystemSynchronizedRootGroup;
			exceptions = (
				4056CD1F2F7BBAD4008BAF77 /* Exceptions for "WeatherAppUIKit" folder in "WeatherAppUIKit" target */,
			);
			path = WeatherAppUIKit;
			sourceTree = "<group>";
		};
		4056CD102F7BBAD4008BAF77 /* WeatherAppUIKitTests */ = {
			isa = PBXFileSystemSynchronizedRootGroup;
			path = WeatherAppUIKitTests;
			sourceTree = "<group>";
		};
		4056CD1A2F7BBAD4008BAF77 /* WeatherAppUIKitUITests */ = {
			isa = PBXFileSystemSynchronizedRootGroup;
			path = WeatherAppUIKitUITests;
			sourceTree = "<group>";
		};
/* End PBXFileSystemSynchronizedRootGroup section */

/* Begin PBXFrameworksBuildPhase section */
		4056CCF42F7BBAD2008BAF77 /* Frameworks */ = {
			isa = PBXFrameworksBuildPhase;
			buildActionMask = 2147483647;
			files = (
			);
			runOnlyForDeploymentPostprocessing = 0;
		};
		4056CD0A2F7BBAD4008BAF77 /* Frameworks */ = {
			isa = PBXFrameworksBuildPhase;
			buildActionMask = 2147483647;
			files = (
			);
			runOnlyForDeploymentPostprocessing = 0;
		};
		4056CD142F7BBAD4008BAF77 /* Frameworks */ = {
			isa = PBXFrameworksBuildPhase;
			buildActionMask = 2147483647;
			files = (
			);
			runOnlyForDeploymentPostprocessing = 0;
		};
/* End PBXFrameworksBuildPhase section */

/* Begin PBXGroup section */
		4056CCEE2F7BBAD2008BAF77 = {
			isa = PBXGroup;
			children = (
				4056CCF92F7BBAD2008BAF77 /* WeatherAppUIKit */,
				4056CD102F7BBAD4008BAF77 /* WeatherAppUIKitTests */,
				4056CD1A2F7BBAD4008BAF77 /* WeatherAppUIKitUITests */,
				4056CCF82F7BBAD2008BAF77 /* Products */,
			);
			sourceTree = "<group>";
		};
		4056CCF82F7BBAD2008BAF77 /* Products */ = {
			isa = PBXGroup;
			children = (
				4056CCF72F7BBAD2008BAF77 /* WeatherAppUIKit.app */,
				4056CD0D2F7BBAD4008BAF77 /* WeatherAppUIKitTests.xctest */,
				4056CD172F7BBAD4008BAF77 /* WeatherAppUIKitUITests.xctest */,
			);
			name = Products;
			sourceTree = "<group>";
		};
/* End PBXGroup section */

/* Begin PBXNativeTarget section */
		4056CCF62F7BBAD2008BAF77 /* WeatherAppUIKit */ = {
			isa = PBXNativeTarget;
			buildConfigurationList = 4056CD202F7BBAD4008BAF77 /* Build configuration list for PBXNativeTarget "WeatherAppUIKit" */;
			buildPhases = (
				4056CCF32F7BBAD2008BAF77 /* Sources */,
				4056CCF42F7BBAD2008BAF77 /* Frameworks */,
				4056CCF52F7BBAD2008BAF77 /* Resources */,
			);
			buildRules = (
			);
			dependencies = (
			);
			fileSystemSynchronizedGroups = (
				4056CCF92F7BBAD2008BAF77 /* WeatherAppUIKit */,
			);
			name = WeatherAppUIKit;
			packageProductDependencies = (
			);
			productName = WeatherAppUIKit;
			productReference = 4056CCF72F7BBAD2008BAF77 /* WeatherAppUIKit.app */;
			productType = "com.apple.product-type.application";
		};
		4056CD0C2F7BBAD4008BAF77 /* WeatherAppUIKitTests */ = {
			isa = PBXNativeTarget;
			buildConfigurationList = 4056CD252F7BBAD4008BAF77 /* Build configuration list for PBXNativeTarget "WeatherAppUIKitTests" */;
			buildPhases = (
				4056CD092F7BBAD4008BAF77 /* Sources */,
				4056CD0A2F7BBAD4008BAF77 /* Frameworks */,
				4056CD0B2F7BBAD4008BAF77 /* Resources */,
			);
			buildRules = (
			);
			dependencies = (
				4056CD0F2F7BBAD4008BAF77 /* PBXTargetDependency */,
			);
			fileSystemSynchronizedGroups = (
				4056CD102F7BBAD4008BAF77 /* WeatherAppUIKitTests */,
			);
			name = WeatherAppUIKitTests;
			packageProductDependencies = (
			);
			productName = WeatherAppUIKitTests;
			productReference = 4056CD0D2F7BBAD4008BAF77 /* WeatherAppUIKitTests.xctest */;
			productType = "com.apple.product-type.bundle.unit-test";
		};
		4056CD162F7BBAD4008BAF77 /* WeatherAppUIKitUITests */ = {
			isa = PBXNativeTarget;
			buildConfigurationList = 4056CD282F7BBAD4008BAF77 /* Build configuration list for PBXNativeTarget "WeatherAppUIKitUITests" */;
			buildPhases = (
				4056CD132F7BBAD4008BAF77 /* Sources */,
				4056CD142F7BBAD4008BAF77 /* Frameworks */,
				4056CD152F7BBAD4008BAF77 /* Resources */,
			);
			buildRules = (
			);
			dependencies = (
				4056CD192F7BBAD4008BAF77 /* PBXTargetDependency */,
			);
			fileSystemSynchronizedGroups = (
				4056CD1A2F7BBAD4008BAF77 /* WeatherAppUIKitUITests */,
			);
			name = WeatherAppUIKitUITests;
			packageProductDependencies = (
			);
			productName = WeatherAppUIKitUITests;
			productReference = 4056CD172F7BBAD4008BAF77 /* WeatherAppUIKitUITests.xctest */;
			productType = "com.apple.product-type.bundle.ui-testing";
		};
/* End PBXNativeTarget section */

/* Begin PBXProject section */
		4056CCEF2F7BBAD2008BAF77 /* Project object */ = {
			isa = PBXProject;
			attributes = {
				BuildIndependentTargetsInParallel = 1;
				LastSwiftUpdateCheck = 2640;
				LastUpgradeCheck = 2640;
				TargetAttributes = {
					4056CCF62F7BBAD2008BAF77 = {
						CreatedOnToolsVersion = 26.4;
					};
					4056CD0C2F7BBAD4008BAF77 = {
						CreatedOnToolsVersion = 26.4;
						TestTargetID = 4056CCF62F7BBAD2008BAF77;
					};
					4056CD162F7BBAD4008BAF77 = {
						CreatedOnToolsVersion = 26.4;
						TestTargetID = 4056CCF62F7BBAD2008BAF77;
					};
				};
			};
			buildConfigurationList = 4056CCF22F7BBAD2008BAF77 /* Build configuration list for PBXProject "WeatherAppUIKit" */;
			developmentRegion = en;
			hasScannedForEncodings = 0;
			knownRegions = (
				en,
				Base,
				ru,
			);
			mainGroup = 4056CCEE2F7BBAD2008BAF77;
			minimizedProjectReferenceProxies = 1;
			preferredProjectObjectVersion = 77;
			productRefGroup = 4056CCF82F7BBAD2008BAF77 /* Products */;
			projectDirPath = "";
			projectRoot = "";
			targets = (
				4056CCF62F7BBAD2008BAF77 /* WeatherAppUIKit */,
				4056CD0C2F7BBAD4008BAF77 /* WeatherAppUIKitTests */,
				4056CD162F7BBAD4008BAF77 /* WeatherAppUIKitUITests */,
			);
		};
/* End PBXProject section */

/* Begin PBXResourcesBuildPhase section */
		4056CCF52F7BBAD2008BAF77 /* Resources */ = {
			isa = PBXResourcesBuildPhase;
			buildActionMask = 2147483647;
			files = (
			);
			runOnlyForDeploymentPostprocessing = 0;
		};
		4056CD0B2F7BBAD4008BAF77 /* Resources */ = {
			isa = PBXResourcesBuildPhase;
			buildActionMask = 2147483647;
			files = (
			);
			runOnlyForDeploymentPostprocessing = 0;
		};
		4056CD152F7BBAD4008BAF77 /* Resources */ = {
			isa = PBXResourcesBuildPhase;
			buildActionMask = 2147483647;
			files = (
			);
			runOnlyForDeploymentPostprocessing = 0;
		};
/* End PBXResourcesBuildPhase section */

/* Begin PBXSourcesBuildPhase section */
		4056CCF32F7BBAD2008BAF77 /* Sources */ = {
			isa = PBXSourcesBuildPhase;
			buildActionMask = 2147483647;
			files = (
			);
			runOnlyForDeploymentPostprocessing = 0;
		};
		4056CD092F7BBAD4008BAF77 /* Sources */ = {
			isa = PBXSourcesBuildPhase;
			buildActionMask = 2147483647;
			files = (
			);
			runOnlyForDeploymentPostprocessing = 0;
		};
		4056CD132F7BBAD4008BAF77 /* Sources */ = {
			isa = PBXSourcesBuildPhase;
			buildActionMask = 2147483647;
			files = (
			);
			runOnlyForDeploymentPostprocessing = 0;
		};
/* End PBXSourcesBuildPhase section */

/* Begin PBXTargetDependency section */
		4056CD0F2F7BBAD4008BAF77 /* PBXTargetDependency */ = {
			isa = PBXTargetDependency;
			target = 4056CCF62F7BBAD2008BAF77 /* WeatherAppUIKit */;
			targetProxy = 4056CD0E2F7BBAD4008BAF77 /* PBXContainerItemProxy */;
		};
		4056CD192F7BBAD4008BAF77 /* PBXTargetDependency */ = {
			isa = PBXTargetDependency;
			target = 4056CCF62F7BBAD2008BAF77 /* WeatherAppUIKit */;
			targetProxy = 4056CD182F7BBAD4008BAF77 /* PBXContainerItemProxy */;
		};
/* End PBXTargetDependency section */

/* Begin XCBuildConfiguration section */
		4056CD212F7BBAD4008BAF77 /* Debug */ = {
			isa = XCBuildConfiguration;
			buildSettings = {
				ASSETCATALOG_COMPILER_APPICON_NAME = AppIcon;
				ASSETCATALOG_COMPILER_GLOBAL_ACCENT_COLOR_NAME = AccentColor;
				CODE_SIGN_STYLE = Automatic;
				CURRENT_PROJECT_VERSION = 1;
				DEVELOPMENT_TEAM = PE5GYBWV9W;
				GENERATE_INFOPLIST_FILE = YES;
				INFOPLIST_FILE = WeatherAppUIKit/Info.plist;
				INFOPLIST_KEY_NSLocationWhenInUseUsageDescription = "Приложению нужен доступ к геопозиции для отображения погоды в вашем местоположении";
				INFOPLIST_KEY_UIApplicationSupportsIndirectInputEvents = YES;
				INFOPLIST_KEY_UILaunchStoryboardName = LaunchScreen;
				INFOPLIST_KEY_UISupportedInterfaceOrientations_iPad = "UIInterfaceOrientationPortrait UIInterfaceOrientationPortraitUpsideDown UIInterfaceOrientationLandscapeLeft UIInterfaceOrientationLandscapeRight";
				INFOPLIST_KEY_UISupportedInterfaceOrientations_iPhone = "UIInterfaceOrientationPortrait UIInterfaceOrientationLandscapeLeft UIInterfaceOrientationLandscapeRight";
				IPHONEOS_DEPLOYMENT_TARGET = 16;
				LD_RUNPATH_SEARCH_PATHS = (
					"$(inherited)",
					"@executable_path/Frameworks",
				);
				MARKETING_VERSION = 1.0;
				PRODUCT_BUNDLE_IDENTIFIER = ru.SergeyAbadzhev.WeatherAppUIKit;
				PRODUCT_NAME = "$(TARGET_NAME)";
				STRING_CATALOG_GENERATE_SYMBOLS = YES;
				SWIFT_APPROACHABLE_CONCURRENCY = YES;
				SWIFT_DEFAULT_ACTOR_ISOLATION = MainActor;
				SWIFT_EMIT_LOC_STRINGS = YES;
				SWIFT_UPCOMING_FEATURE_MEMBER_IMPORT_VISIBILITY = YES;
				SWIFT_VERSION = 5.0;
				TARGETED_DEVICE_FAMILY = "1,2";
			};
			name = Debug;
		};
		4056CD222F7BBAD4008BAF77 /* Release */ = {
			isa = XCBuildConfiguration;
			buildSettings = {
				ASSETCATALOG_COMPILER_APPICON_NAME = AppIcon;
				ASSETCATALOG_COMPILER_GLOBAL_ACCENT_COLOR_NAME = AccentColor;
				CODE_SIGN_STYLE = Automatic;
				CURRENT_PROJECT_VERSION = 1;
				DEVELOPMENT_TEAM = PE5GYBWV9W;
				GENERATE_INFOPLIST_FILE = YES;
				INFOPLIST_FILE = WeatherAppUIKit/Info.plist;
				INFOPLIST_KEY_NSLocationWhenInUseUsageDescription = "Приложению нужен доступ к геопозиции для отображения погоды в вашем местоположении";
				INFOPLIST_KEY_UIApplicationSupportsIndirectInputEvents = YES;
				INFOPLIST_KEY_UILaunchStoryboardName = LaunchScreen;
				INFOPLIST_KEY_UISupportedInterfaceOrientations_iPad = "UIInterfaceOrientationPortrait UIInterfaceOrientationPortraitUpsideDown UIInterfaceOrientationLandscapeLeft UIInterfaceOrientationLandscapeRight";
				INFOPLIST_KEY_UISupportedInterfaceOrientations_iPhone = "UIInterfaceOrientationPortrait UIInterfaceOrientationLandscapeLeft UIInterfaceOrientationLandscapeRight";
				IPHONEOS_DEPLOYMENT_TARGET = 16;
				LD_RUNPATH_SEARCH_PATHS = (
					"$(inherited)",
					"@executable_path/Frameworks",
				);
				MARKETING_VERSION = 1.0;
				PRODUCT_BUNDLE_IDENTIFIER = ru.SergeyAbadzhev.WeatherAppUIKit;
				PRODUCT_NAME = "$(TARGET_NAME)";
				STRING_CATALOG_GENERATE_SYMBOLS = YES;
				SWIFT_APPROACHABLE_CONCURRENCY = YES;
				SWIFT_DEFAULT_ACTOR_ISOLATION = MainActor;
				SWIFT_EMIT_LOC_STRINGS = YES;
				SWIFT_UPCOMING_FEATURE_MEMBER_IMPORT_VISIBILITY = YES;
				SWIFT_VERSION = 5.0;
				TARGETED_DEVICE_FAMILY = "1,2";
			};
			name = Release;
		};
		4056CD232F7BBAD4008BAF77 /* Debug */ = {
			isa = XCBuildConfiguration;
			buildSettings = {
				ALWAYS_SEARCH_USER_PATHS = NO;
				ASSETCATALOG_COMPILER_GENERATE_SWIFT_ASSET_SYMBOL_EXTENSIONS = YES;
				CLANG_ANALYZER_NONNULL = YES;
				CLANG_ANALYZER_NUMBER_OBJECT_CONVERSION = YES_AGGRESSIVE;
				CLANG_CXX_LANGUAGE_STANDARD = "gnu++20";
				CLANG_ENABLE_MODULES = YES;
				CLANG_ENABLE_OBJC_ARC = YES;
				CLANG_ENABLE_OBJC_WEAK = YES;
				CLANG_WARN_BLOCK_CAPTURE_AUTORELEASING = YES;
				CLANG_WARN_BOOL_CONVERSION = YES;
				CLANG_WARN_COMMA = YES;
				CLANG_WARN_CONSTANT_CONVERSION = YES;
				CLANG_WARN_DEPRECATED_OBJC_IMPLEMENTATIONS = YES;
				CLANG_WARN_DIRECT_OBJC_ISA_USAGE = YES_ERROR;
				CLANG_WARN_DOCUMENTATION_COMMENTS = YES;
				CLANG_WARN_EMPTY_BODY = YES;
				CLANG_WARN_ENUM_CONVERSION = YES;
				CLANG_WARN_INFINITE_RECURSION = YES;
				CLANG_WARN_INT_CONVERSION = YES;
				CLANG_WARN_NON_LITERAL_NULL_CONVERSION = YES;
				CLANG_WARN_OBJC_IMPLICIT_RETAIN_SELF = YES;
				CLANG_WARN_OBJC_LITERAL_CONVERSION = YES;
				CLANG_WARN_OBJC_ROOT_CLASS = YES_ERROR;
				CLANG_WARN_QUOTED_INCLUDE_IN_FRAMEWORK_HEADER = YES;
				CLANG_WARN_RANGE_LOOP_ANALYSIS = YES;
				CLANG_WARN_STRICT_PROTOTYPES = YES;
				CLANG_WARN_SUSPICIOUS_MOVE = YES;
				CLANG_WARN_UNGUARDED_AVAILABILITY = YES_AGGRESSIVE;
				CLANG_WARN_UNREACHABLE_CODE = YES;
				CLANG_WARN__DUPLICATE_METHOD_MATCH = YES;
				COPY_PHASE_STRIP = NO;
				DEBUG_INFORMATION_FORMAT = dwarf;
				DEVELOPMENT_TEAM = PE5GYBWV9W;
				ENABLE_STRICT_OBJC_MSGSEND = YES;
				ENABLE_TESTABILITY = YES;
				ENABLE_USER_SCRIPT_SANDBOXING = YES;
				GCC_C_LANGUAGE_STANDARD = gnu17;
				GCC_DYNAMIC_NO_PIC = NO;
				GCC_NO_COMMON_BLOCKS = YES;
				GCC_OPTIMIZATION_LEVEL = 0;
				GCC_PREPROCESSOR_DEFINITIONS = (
					"DEBUG=1",
					"$(inherited)",
				);
				GCC_WARN_64_TO_32_BIT_CONVERSION = YES;
				GCC_WARN_ABOUT_RETURN_TYPE = YES_ERROR;
				GCC_WARN_UNDECLARED_SELECTOR = YES;
				GCC_WARN_UNINITIALIZED_AUTOS = YES_AGGRESSIVE;
				GCC_WARN_UNUSED_FUNCTION = YES;
				GCC_WARN_UNUSED_VARIABLE = YES;
				IPHONEOS_DEPLOYMENT_TARGET = 26.4;
				LOCALIZATION_PREFERS_STRING_CATALOGS = YES;
				MTL_ENABLE_DEBUG_INFO = INCLUDE_SOURCE;
				MTL_FAST_MATH = YES;
				ONLY_ACTIVE_ARCH = YES;
				SDKROOT = iphoneos;
				SWIFT_ACTIVE_COMPILATION_CONDITIONS = "DEBUG $(inherited)";
				SWIFT_OPTIMIZATION_LEVEL = "-Onone";
			};
			name = Debug;
		};
		4056CD242F7BBAD4008BAF77 /* Release */ = {
			isa = XCBuildConfiguration;
			buildSettings = {
				ALWAYS_SEARCH_USER_PATHS = NO;
				ASSETCATALOG_COMPILER_GENERATE_SWIFT_ASSET_SYMBOL_EXTENSIONS = YES;
				CLANG_ANALYZER_NONNULL = YES;
				CLANG_ANALYZER_NUMBER_OBJECT_CONVERSION = YES_AGGRESSIVE;
				CLANG_CXX_LANGUAGE_STANDARD = "gnu++20";
				CLANG_ENABLE_MODULES = YES;
				CLANG_ENABLE_OBJC_ARC = YES;
				CLANG_ENABLE_OBJC_WEAK = YES;
				CLANG_WARN_BLOCK_CAPTURE_AUTORELEASING = YES;
				CLANG_WARN_BOOL_CONVERSION = YES;
				CLANG_WARN_COMMA = YES;
				CLANG_WARN_CONSTANT_CONVERSION = YES;
				CLANG_WARN_DEPRECATED_OBJC_IMPLEMENTATIONS = YES;
				CLANG_WARN_DIRECT_OBJC_ISA_USAGE = YES_ERROR;
				CLANG_WARN_DOCUMENTATION_COMMENTS = YES;
				CLANG_WARN_EMPTY_BODY = YES;
				CLANG_WARN_ENUM_CONVERSION = YES;
				CLANG_WARN_INFINITE_RECURSION = YES;
				CLANG_WARN_INT_CONVERSION = YES;
				CLANG_WARN_NON_LITERAL_NULL_CONVERSION = YES;
				CLANG_WARN_OBJC_IMPLICIT_RETAIN_SELF = YES;
				CLANG_WARN_OBJC_LITERAL_CONVERSION = YES;
				CLANG_WARN_OBJC_ROOT_CLASS = YES_ERROR;
				CLANG_WARN_QUOTED_INCLUDE_IN_FRAMEWORK_HEADER = YES;
				CLANG_WARN_RANGE_LOOP_ANALYSIS = YES;
				CLANG_WARN_STRICT_PROTOTYPES = YES;
				CLANG_WARN_SUSPICIOUS_MOVE = YES;
				CLANG_WARN_UNGUARDED_AVAILABILITY = YES_AGGRESSIVE;
				CLANG_WARN_UNREACHABLE_CODE = YES;
				CLANG_WARN__DUPLICATE_METHOD_MATCH = YES;
				COPY_PHASE_STRIP = NO;
				DEBUG_INFORMATION_FORMAT = "dwarf-with-dsym";
				DEVELOPMENT_TEAM = PE5GYBWV9W;
				ENABLE_NS_ASSERTIONS = NO;
				ENABLE_STRICT_OBJC_MSGSEND = YES;
				ENABLE_USER_SCRIPT_SANDBOXING = YES;
				GCC_C_LANGUAGE_STANDARD = gnu17;
				GCC_NO_COMMON_BLOCKS = YES;
				GCC_WARN_64_TO_32_BIT_CONVERSION = YES;
				GCC_WARN_ABOUT_RETURN_TYPE = YES_ERROR;
				GCC_WARN_UNDECLARED_SELECTOR = YES;
				GCC_WARN_UNINITIALIZED_AUTOS = YES_AGGRESSIVE;
				GCC_WARN_UNUSED_FUNCTION = YES;
				GCC_WARN_UNUSED_VARIABLE = YES;
				IPHONEOS_DEPLOYMENT_TARGET = 26.4;
				LOCALIZATION_PREFERS_STRING_CATALOGS = YES;
				MTL_ENABLE_DEBUG_INFO = NO;
				MTL_FAST_MATH = YES;
				SDKROOT = iphoneos;
				SWIFT_COMPILATION_MODE = wholemodule;
				VALIDATE_PRODUCT = YES;
			};
			name = Release;
		};
		4056CD262F7BBAD4008BAF77 /* Debug */ = {
			isa = XCBuildConfiguration;
			buildSettings = {
				BUNDLE_LOADER = "$(TEST_HOST)";
				CODE_SIGN_STYLE = Automatic;
				CURRENT_PROJECT_VERSION = 1;
				DEVELOPMENT_TEAM = PE5GYBWV9W;
				GENERATE_INFOPLIST_FILE = YES;
				IPHONEOS_DEPLOYMENT_TARGET = 26.4;
				MARKETING_VERSION = 1.0;
				PRODUCT_BUNDLE_IDENTIFIER = ru.SergeyAbadzhev.WeatherAppUIKitTests;
				PRODUCT_NAME = "$(TARGET_NAME)";
				STRING_CATALOG_GENERATE_SYMBOLS = NO;
				SWIFT_APPROACHABLE_CONCURRENCY = YES;
				SWIFT_EMIT_LOC_STRINGS = NO;
				SWIFT_UPCOMING_FEATURE_MEMBER_IMPORT_VISIBILITY = YES;
				SWIFT_VERSION = 5.0;
				TARGETED_DEVICE_FAMILY = "1,2";
				TEST_HOST = "$(BUILT_PRODUCTS_DIR)/WeatherAppUIKit.app/$(BUNDLE_EXECUTABLE_FOLDER_PATH)/WeatherAppUIKit";
			};
			name = Debug;
		};
		4056CD272F7BBAD4008BAF77 /* Release */ = {
			isa = XCBuildConfiguration;
			buildSettings = {
				BUNDLE_LOADER = "$(TEST_HOST)";
				CODE_SIGN_STYLE = Automatic;
				CURRENT_PROJECT_VERSION = 1;
				DEVELOPMENT_TEAM = PE5GYBWV9W;
				GENERATE_INFOPLIST_FILE = YES;
				IPHONEOS_DEPLOYMENT_TARGET = 26.4;
				MARKETING_VERSION = 1.0;
				PRODUCT_BUNDLE_IDENTIFIER = ru.SergeyAbadzhev.WeatherAppUIKitTests;
				PRODUCT_NAME = "$(TARGET_NAME)";
				STRING_CATALOG_GENERATE_SYMBOLS = NO;
				SWIFT_APPROACHABLE_CONCURRENCY = YES;
				SWIFT_EMIT_LOC_STRINGS = NO;
				SWIFT_UPCOMING_FEATURE_MEMBER_IMPORT_VISIBILITY = YES;
				SWIFT_VERSION = 5.0;
				TARGETED_DEVICE_FAMILY = "1,2";
				TEST_HOST = "$(BUILT_PRODUCTS_DIR)/WeatherAppUIKit.app/$(BUNDLE_EXECUTABLE_FOLDER_PATH)/WeatherAppUIKit";
			};
			name = Release;
		};
		4056CD292F7BBAD4008BAF77 /* Debug */ = {
			isa = XCBuildConfiguration;
			buildSettings = {
				CODE_SIGN_STYLE = Automatic;
				CURRENT_PROJECT_VERSION = 1;
				DEVELOPMENT_TEAM = PE5GYBWV9W;
				GENERATE_INFOPLIST_FILE = YES;
				MARKETING_VERSION = 1.0;
				PRODUCT_BUNDLE_IDENTIFIER = ru.SergeyAbadzhev.WeatherAppUIKitUITests;
				PRODUCT_NAME = "$(TARGET_NAME)";
				STRING_CATALOG_GENERATE_SYMBOLS = NO;
				SWIFT_APPROACHABLE_CONCURRENCY = YES;
				SWIFT_EMIT_LOC_STRINGS = NO;
				SWIFT_UPCOMING_FEATURE_MEMBER_IMPORT_VISIBILITY = YES;
				SWIFT_VERSION = 5.0;
				TARGETED_DEVICE_FAMILY = "1,2";
				TEST_TARGET_NAME = WeatherAppUIKit;
			};
			name = Debug;
		};
		4056CD2A2F7BBAD4008BAF77 /* Release */ = {
			isa = XCBuildConfiguration;
			buildSettings = {
				CODE_SIGN_STYLE = Automatic;
				CURRENT_PROJECT_VERSION = 1;
				DEVELOPMENT_TEAM = PE5GYBWV9W;
				GENERATE_INFOPLIST_FILE = YES;
				MARKETING_VERSION = 1.0;
				PRODUCT_BUNDLE_IDENTIFIER = ru.SergeyAbadzhev.WeatherAppUIKitUITests;
				PRODUCT_NAME = "$(TARGET_NAME)";
				STRING_CATALOG_GENERATE_SYMBOLS = NO;
				SWIFT_APPROACHABLE_CONCURRENCY = YES;
				SWIFT_EMIT_LOC_STRINGS = NO;
				SWIFT_UPCOMING_FEATURE_MEMBER_IMPORT_VISIBILITY = YES;
				SWIFT_VERSION = 5.0;
				TARGETED_DEVICE_FAMILY = "1,2";
				TEST_TARGET_NAME = WeatherAppUIKit;
			};
			name = Release;
		};
/* End XCBuildConfiguration section */

/* Begin XCConfigurationList section */
		4056CCF22F7BBAD2008BAF77 /* Build configuration list for PBXProject "WeatherAppUIKit" */ = {
			isa = XCConfigurationList;
			buildConfigurations = (
				4056CD232F7BBAD4008BAF77 /* Debug */,
				4056CD242F7BBAD4008BAF77 /* Release */,
			);
			defaultConfigurationIsVisible = 0;
			defaultConfigurationName = Release;
		};
		4056CD202F7BBAD4008BAF77 /* Build configuration list for PBXNativeTarget "WeatherAppUIKit" */ = {
			isa = XCConfigurationList;
			buildConfigurations = (
				4056CD212F7BBAD4008BAF77 /* Debug */,
				4056CD222F7BBAD4008BAF77 /* Release */,
			);
			defaultConfigurationIsVisible = 0;
			defaultConfigurationName = Release;
		};
		4056CD252F7BBAD4008BAF77 /* Build configuration list for PBXNativeTarget "WeatherAppUIKitTests" */ = {
			isa = XCConfigurationList;
			buildConfigurations = (
				4056CD262F7BBAD4008BAF77 /* Debug */,
				4056CD272F7BBAD4008BAF77 /* Release */,
			);
			defaultConfigurationIsVisible = 0;
			defaultConfigurationName = Release;
		};
		4056CD282F7BBAD4008BAF77 /* Build configuration list for PBXNativeTarget "WeatherAppUIKitUITests" */ = {
			isa = XCConfigurationList;
			buildConfigurations = (
				4056CD292F7BBAD4008BAF77 /* Debug */,
				4056CD2A2F7BBAD4008BAF77 /* Release */,
			);
			defaultConfigurationIsVisible = 0;
			defaultConfigurationName = Release;
		};
/* End XCConfigurationList section */
	};
	rootObject = 4056CCEF2F7BBAD2008BAF77 /* Project object */;
}
